
Microsoft Visual Studio Solution File, Format Version 12.00
# Visual Studio 15
Project("{FAE04EC0-301F-11D3-BF4B-00C04F79EFBC}") = "GAME3020_Minxu_Huang_Milestone1", "Assembly-CSharp.csproj", "{D0A33051-5257-997E-69B1-50EB56434FE8}"
EndProject
Project("{FAE04EC0-301F-11D3-BF4B-00C04F79EFBC}") = "GAME3020_Minxu_Huang_Milestone1", "Assembly-CSharp-Editor.csproj", "{5C684DB4-0664-D2FE-05BC-A77D84392C5A}"
EndProject
Global
	GlobalSection(SolutionConfigurationPlatforms) = preSolution
		Debug|Any CPU = Debug|Any CPU
		Release|Any CPU = Release|Any CPU
	EndGlobalSection
	GlobalSection(ProjectConfigurationPlatforms) = postSolution
		{D0A33051-5257-997E-69B1-50EB56434FE8}.Debug|Any CPU.ActiveCfg = Debug|Any CPU
		{D0A33051-5257-997E-69B1-50EB56434FE8}.Debug|Any CPU.Build.0 = Debug|Any CPU
		{D0A33051-5257-997E-69B1-50EB56434FE8}.Release|Any CPU.ActiveCfg = Release|Any CPU
		{D0A33051-5257-997E-69B1-50EB56434FE8}.Release|Any CPU.Build.0 = Release|Any CPU
		{5C684DB4-0664-D2FE-05BC-A77D84392C5A}.Debug|Any CPU.ActiveCfg = Debug|Any CPU
		{5C684DB4-0664-D2FE-05BC-A77D84392C5A}.Debug|Any CPU.Build.0 = Debug|Any CPU
		{5C684DB4-0664-D2FE-05BC-A77D84392C5A}.Release|Any CPU.ActiveCfg = Release|Any CPU
		{5C684DB4-0664-D2FE-05BC-A77D84392C5A}.Release|Any CPU.Build.0 = Release|Any CPU
	EndGlobalSection
	GlobalSection(SolutionProperties) = preSolution
		HideSolutionNode = FALSE
	EndGlobalSection
EndGlobal
